
Microsoft Visual Studio Solution File, Format Version 12.00
# Visual Studio Version 17
VisualStudioVersion = 17.10.35004.147
MinimumVisualStudioVersion = 10.0.40219.1
Project("{FAE04EC0-301F-11D3-BF4B-00C04F79EFBC}") = "Rgr C#", "rgr\Rgr C#.csproj", "{5895A515-A0FC-4CEB-BCCB-5585C743AF61}"
EndProject
Global
	GlobalSection(SolutionConfigurationPlatforms) = preSolution
		Debug|Any CPU = Debug|Any CPU
		Release|Any CPU = Release|Any CPU
	EndGlobalSection
	GlobalSection(ProjectConfigurationPlatforms) = postSolution
		{5895A515-A0FC-4CEB-BCCB-5585C743AF61}.Debug|Any CPU.ActiveCfg = Debug|Any CPU
		{5895A515-A0FC-4CEB-BCCB-5585C743AF61}.Debug|Any CPU.Build.0 = Debug|Any CPU
		{5895A515-A0FC-4CEB-BCCB-5585C743AF61}.Release|Any CPU.ActiveCfg = Release|Any CPU
		{5895A515-A0FC-4CEB-BCCB-5585C743AF61}.Release|Any CPU.Build.0 = Release|Any CPU
	EndGlobalSection
	GlobalSection(SolutionProperties) = preSolution
		HideSolutionNode = FALSE
	EndGlobalSection
	GlobalSection(ExtensibilityGlobals) = postSolution
		SolutionGuid = {1134FDAB-77CF-4E29-9976-09621E863E62}
	EndGlobalSection
EndGlobal
